
Microsoft Visual Studio Solution File, Format Version 12.00
# Visual Studio Version 16
VisualStudioVersion = 16.0.32901.82
MinimumVisualStudioVersion = 10.0.40219.1
Project("{8BC9CEB8-8B4A-11D0-8D11-00A0C91BC942}") = "OOP.Lab5", "OOP.Lab5\OOP.Lab5.vcxproj", "{ADF355AF-CCFD-4FFB-9031-878643B68CC2}"
EndProject
Global
	GlobalSection(SolutionConfigurationPlatforms) = preSolution
		Debug|x64 = Debug|x64
		Debug|x86 = Debug|x86
		Release|x64 = Release|x64
		Release|x86 = Release|x86
	EndGlobalSection
	GlobalSection(ProjectConfigurationPlatforms) = postSolution
		{ADF355AF-CCFD-4FFB-9031-878643B68CC2}.Debug|x64.ActiveCfg = Debug|x64
		{ADF355AF-CCFD-4FFB-9031-878643B68CC2}.Debug|x64.Build.0 = Debug|x64
		{ADF355AF-CCFD-4FFB-9031-878643B68CC2}.Debug|x86.ActiveCfg = Debug|Win32
		{ADF355AF-CCFD-4FFB-9031-878643B68CC2}.Debug|x86.Build.0 = Debug|Win32
		{ADF355AF-CCFD-4FFB-9031-878643B68CC2}.Release|x64.ActiveCfg = Release|x64
		{ADF355AF-CCFD-4FFB-9031-878643B68CC2}.Release|x64.Build.0 = Release|x64
		{ADF355AF-CCFD-4FFB-9031-878643B68CC2}.Release|x86.ActiveCfg = Release|Win32
		{ADF355AF-CCFD-4FFB-9031-878643B68CC2}.Release|x86.Build.0 = Release|Win32
	EndGlobalSection
	GlobalSection(SolutionProperties) = preSolution
		HideSolutionNode = FALSE
	EndGlobalSection
	GlobalSection(ExtensibilityGlobals) = postSolution
		SolutionGuid = {9476AD13-0676-428E-863C-C9FC92CFEF53}
	EndGlobalSection
EndGlobal
